// !$*UTF8*$!
{
	archiveVersion = 1;
	classes = {
	};
	objectVersion = 46;
	objects = {

/* Begin PBXBuildFile section */
		F94547011F3867F300CCAA31 /* AppDelegate.swift in Sources */ = {isa = PBXBuildFile; fileRef = F94547001F3867F300CCAA31 /* AppDelegate.swift */; };
		F94547031F3867F300CCAA31 /* ViewController.swift in Sources */ = {isa = PBXBuildFile; fileRef = F94547021F3867F300CCAA31 /* ViewController.swift */; };
		F94547061F3867F300CCAA31 /* Main.storyboard in Resources */ = {isa = PBXBuildFile; fileRef = F94547041F3867F300CCAA31 /* Main.storyboard */; };
		F94547081F3867F300CCAA31 /* Assets.xcassets in Resources */ = {isa = PBXBuildFile; fileRef = F94547071F3867F300CCAA31 /* Assets.xcassets */; };
		F945470B1F3867F300CCAA31 /* LaunchScreen.storyboard in Resources */ = {isa = PBXBuildFile; fileRef = F94547091F3867F300CCAA31 /* LaunchScreen.storyboard */; };
		F94547161F3867F300CCAA31 /* Rabbit_Web_browserTests.swift in Sources */ = {isa = PBXBuildFile; fileRef = F94547151F3867F300CCAA31 /* Rabbit_Web_browserTests.swift */; };
		F94547211F3867F300CCAA31 /* Rabbit_Web_browserUITests.swift in Sources */ = {isa = PBXBuildFile; fileRef = F94547201F3867F300CCAA31 /* Rabbit_Web_browserUITests.swift */; };
/* End PBXBuildFile section */

/* Begin PBXContainerItemProxy section */
		F94547121F3867F300CCAA31 /* PBXContainerItemProxy */ = {
			isa = PBXContainerItemProxy;
			containerPortal = F94546F51F3867F300CCAA31 /* Project object */;
			proxyType = 1;
			remoteGlobalIDString = F94546FC1F3867F300CCAA31;
			remoteInfo = Rabbit_Web_browser;
		};
		F945471D1F3867F300CCAA31 /* PBXContainerItemProxy */ = {
			isa = PBXContainerItemProxy;
			containerPortal = F94546F51F3867F300CCAA31 /* Project object */;
			proxyType = 1;
			remoteGlobalIDString = F94546FC1F3867F300CCAA31;
			remoteInfo = Rabbit_Web_browser;
		};
/* End PBXContainerItemProxy section */

/* Begin PBXFileReference section */
		F94546FD1F3867F300CCAA31 /* Rabbit_Web_browser.app */ = {isa = PBXFileReference; explicitFileType = wrapper.application; includeInIndex = 0; path = Rabbit_Web_browser.app; sourceTree = BUILT_PRODUCTS_DIR; };
		F94547001F3867F300CCAA31 /* AppDelegate.swift */ = {isa = PBXFileReference; lastKnownFileType = sourcecode.swift; path = AppDelegate.swift; sourceTree = "<group>"; };
		F94547021F3867F300CCAA31 /* ViewController.swift */ = {isa = PBXFileReference; lastKnownFileType = sourcecode.swift; path = ViewController.swift; sourceTree = "<group>"; };
		F94547051F3867F300CCAA31 /* Base */ = {isa = PBXFileReference; lastKnownFileType = file.storyboard; name = Base; path = Base.lproj/Main.storyboard; sourceTree = "<group>"; };
		F94547071F3867F300CCAA31 /* Assets.xcassets */ = {isa = PBXFileReference; lastKnownFileType = folder.assetcatalog; path = Assets.xcassets; sourceTree = "<group>"; };
		F945470A1F3867F300CCAA31 /* Base */ = {isa = PBXFileReference; lastKnownFileType = file.storyboard; name = Base; path = Base.lproj/LaunchScreen.storyboard; sourceTree = "<group>"; };
		F945470C1F3867F300CCAA31 /* Info.plist */ = {isa = PBXFileReference; lastKnownFileType = text.plist.xml; path = Info.plist; sourceTree = "<group>"; };
		F94547111F3867F300CCAA31 /* Rabbit_Web_browserTests.xctest */ = {isa = PBXFileReference; explicitFileType = wrapper.cfbundle; includeInIndex = 0; path = Rabbit_Web_browserTests.xctest; sourceTree = BUILT_PRODUCTS_DIR; };
		F94547151F3867F300CCAA31 /* Rabbit_Web_browserTests.swift */ = {isa = PBXFileReference; lastKnownFileType = sourcecode.swift; path = Rabbit_Web_browserTests.swift; sourceTree = "<group>"; };
		F94547171F3867F300CCAA31 /* Info.plist */ = {isa = PBXFileReference; lastKnownFileType = text.plist.xml; path = Info.plist; sourceTree = "<group>"; };
		F945471C1F3867F300CCAA31 /* Rabbit_Web_browserUITests.xctest */ = {isa = PBXFileReference; explicitFileType = wrapper.cfbundle; includeInIndex = 0; path = Rabbit_Web_browserUITests.xctest; sourceTree = BUILT_PRODUCTS_DIR; };
		F94547201F3867F300CCAA31 /* Rabbit_Web_browserUITests.swift */ = {isa = PBXFileReference; lastKnownFileType = sourcecode.swift; path = Rabbit_Web_browserUITests.swift; sourceTree = "<group>"; };
		F94547221F3867F300CCAA31 /* Info.plist */ = {isa = PBXFileReference; lastKnownFileType = text.plist.xml; path = Info.plist; sourceTree = "<group>"; };
/* End PBXFileReference section */

/* Begin PBXFrameworksBuildPhase section */
		F94546FA1F3867F300CCAA31 /* Frameworks */ = {
			isa = PBXFrameworksBuildPhase;
			buildActionMask = 2147483647;
			files = (
			);
			runOnlyForDeploymentPostprocessing = 0;
		};
		F945470E1F3867F300CCAA31 /* Frameworks */ = {
			isa = PBXFrameworksBuildPhase;
			buildActionMask = 2147483647;
			files = (
			);
			runOnlyForDeploymentPostprocessing = 0;
		};
		F94547191F3867F300CCAA31 /* Frameworks */ = {
			isa = PBXFrameworksBuildPhase;
			buildActionMask = 2147483647;
			files = (
			);
			runOnlyForDeploymentPostprocessing = 0;
		};
/* End PBXFrameworksBuildPhase section */

/* Begin PBXGroup section */
		F94546F41F3867F300CCAA31 = {
			isa = PBXGroup;
			children = (
				F94546FF1F3867F300CCAA31 /* Rabbit_Web_browser */,
				F94547141F3867F300CCAA31 /* Rabbit_Web_browserTests */,
				F945471F1F3867F300CCAA31 /* Rabbit_Web_browserUITests */,
				F94546FE1F3867F300CCAA31 /* Products */,
			);
			sourceTree = "<group>";
		};
		F94546FE1F3867F300CCAA31 /* Products */ = {
			isa = PBXGroup;
			children = (
				F94546FD1F3867F300CCAA31 /* Rabbit_Web_browser.app */,
				F94547111F3867F300CCAA31 /* Rabbit_Web_browserTests.xctest */,
				F945471C1F3867F300CCAA31 /* Rabbit_Web_browserUITests.xctest */,
			);
			name = Products;
			sourceTree = "<group>";
		};
		F94546FF1F3867F300CCAA31 /* Rabbit_Web_browser */ = {
			isa = PBXGroup;
			children = (
				F94547001F3867F300CCAA31 /* AppDelegate.swift */,
				F94547021F3867F300CCAA31 /* ViewController.swift */,
				F94547041F3867F300CCAA31 /* Main.storyboard */,
				F94547071F3867F300CCAA31 /* Assets.xcassets */,
				F94547091F3867F300CCAA31 /* LaunchScreen.storyboard */,
				F945470C1F3867F300CCAA31 /* Info.plist */,
			);
			path = Rabbit_Web_browser;
			sourceTree = "<group>";
		};
		F94547141F3867F300CCAA31 /* Rabbit_Web_browserTests */ = {
			isa = PBXGroup;
			children = (
				F94547151F3867F300CCAA31 /* Rabbit_Web_browserTests.swift */,
				F94547171F3867F300CCAA31 /* Info.plist */,
			);
			path = Rabbit_Web_browserTests;
			sourceTree = "<group>";
		};
		F945471F1F3867F300CCAA31 /* Rabbit_Web_browserUITests */ = {
			isa = PBXGroup;
			children = (
				F94547201F3867F300CCAA31 /* Rabbit_Web_browserUITests.swift */,
				F94547221F3867F300CCAA31 /* Info.plist */,
			);
			path = Rabbit_Web_browserUITests;
			sourceTree = "<group>";
		};
/* End PBXGroup section */

/* Begin PBXNativeTarget section */
		F94546FC1F3867F300CCAA31 /* Rabbit_Web_browser */ = {
			isa = PBXNativeTarget;
			buildConfigurationList = F94547251F3867F300CCAA31 /* Build configuration list for PBXNativeTarget "Rabbit_Web_browser" */;
			buildPhases = (
				F94546F91F3867F300CCAA31 /* Sources */,
				F94546FA1F3867F300CCAA31 /* Frameworks */,
				F94546FB1F3867F300CCAA31 /* Resources */,
			);
			buildRules = (
			);
			dependencies = (
			);
			name = Rabbit_Web_browser;
			productName = Rabbit_Web_browser;
			productReference = F94546FD1F3867F300CCAA31 /* Rabbit_Web_browser.app */;
			productType = "com.apple.product-type.application";
		};
		F94547101F3867F300CCAA31 /* Rabbit_Web_browserTests */ = {
			isa = PBXNativeTarget;
			buildConfigurationList = F94547281F3867F300CCAA31 /* Build configuration list for PBXNativeTarget "Rabbit_Web_browserTests" */;
			buildPhases = (
				F945470D1F3867F300CCAA31 /* Sources */,
				F945470E1F3867F300CCAA31 /* Frameworks */,
				F945470F1F3867F300CCAA31 /* Resources */,
			);
			buildRules = (
			);
			dependencies = (
				F94547131F3867F300CCAA31 /* PBXTargetDependency */,
			);
			name = Rabbit_Web_browserTests;
			productName = Rabbit_Web_browserTests;
			productReference = F94547111F3867F300CCAA31 /* Rabbit_Web_browserTests.xctest */;
			productType = "com.apple.product-type.bundle.unit-test";
		};
		F945471B1F3867F300CCAA31 /* Rabbit_Web_browserUITests */ = {
			isa = PBXNativeTarget;
			buildConfigurationList = F945472B1F3867F300CCAA31 /* Build configuration list for PBXNativeTarget "Rabbit_Web_browserUITests" */;
			buildPhases = (
				F94547181F3867F300CCAA31 /* Sources */,
				F94547191F3867F300CCAA31 /* Frameworks */,
				F945471A1F3867F300CCAA31 /* Resources */,
			);
			buildRules = (
			);
			dependencies = (
				F945471E1F3867F300CCAA31 /* PBXTargetDependency */,
			);
			name = Rabbit_Web_browserUITests;
			productName = Rabbit_Web_browserUITests;
			productReference = F945471C1F3867F300CCAA31 /* Rabbit_Web_browserUITests.xctest */;
			productType = "com.apple.product-type.bundle.ui-testing";
		};
/* End PBXNativeTarget section */

/* Begin PBXProject section */
		F94546F51F3867F300CCAA31 /* Project object */ = {
			isa = PBXProject;
			attributes = {
				LastSwiftUpdateCheck = 0810;
				LastUpgradeCheck = 0810;
				ORGANIZATIONNAME = "abdul hanan mahmood";
				TargetAttributes = {
					F94546FC1F3867F300CCAA31 = {
						CreatedOnToolsVersion = 8.1;
						DevelopmentTeam = E5W79BQGW2;
						ProvisioningStyle = Automatic;
					};
					F94547101F3867F300CCAA31 = {
						CreatedOnToolsVersion = 8.1;
						DevelopmentTeam = E5W79BQGW2;
						ProvisioningStyle = Automatic;
						TestTargetID = F94546FC1F3867F300CCAA31;
					};
					F945471B1F3867F300CCAA31 = {
						CreatedOnToolsVersion = 8.1;
						DevelopmentTeam = E5W79BQGW2;
						ProvisioningStyle = Automatic;
						TestTargetID = F94546FC1F3867F300CCAA31;
					};
				};
			};
			buildConfigurationList = F94546F81F3867F300CCAA31 /* Build configuration list for PBXProject "Rabbit_Web_browser" */;
			compatibilityVersion = "Xcode 3.2";
			developmentRegion = English;
			hasScannedForEncodings = 0;
			knownRegions = (
				en,
				Base,
			);
			mainGroup = F94546F41F3867F300CCAA31;
			productRefGroup = F94546FE1F3867F300CCAA31 /* Products */;
			projectDirPath = "";
			projectRoot = "";
			targets = (
				F94546FC1F3867F300CCAA31 /* Rabbit_Web_browser */,
				F94547101F3867F300CCAA31 /* Rabbit_Web_browserTests */,
				F945471B1F3867F300CCAA31 /* Rabbit_Web_browserUITests */,
			);
		};
/* End PBXProject section */

/* Begin PBXResourcesBuildPhase section */
		F94546FB1F3867F300CCAA31 /* Resources */ = {
			isa = PBXResourcesBuildPhase;
			buildActionMask = 2147483647;
			files = (
				F945470B1F3867F300CCAA31 /* LaunchScreen.storyboard in Resources */,
				F94547081F3867F300CCAA31 /* Assets.xcassets in Resources */,
				F94547061F3867F300CCAA31 /* Main.storyboard in Resources */,
			);
			runOnlyForDeploymentPostprocessing = 0;
		};
		F945470F1F3867F300CCAA31 /* Resources */ = {
			isa = PBXResourcesBuildPhase;
			buildActionMask = 2147483647;
			files = (
			);
			runOnlyForDeploymentPostprocessing = 0;
		};
		F945471A1F3867F300CCAA31 /* Resources */ = {
			isa = PBXResourcesBuildPhase;
			buildActionMask = 2147483647;
			files = (
			);
			runOnlyForDeploymentPostprocessing = 0;
		};
/* End PBXResourcesBuildPhase section */

/* Begin PBXSourcesBuildPhase section */
		F94546F91F3867F300CCAA31 /* Sources */ = {
			isa = PBXSourcesBuildPhase;
			buildActionMask = 2147483647;
			files = (
				F94547031F3867F300CCAA31 /* ViewController.swift in Sources */,
				F94547011F3867F300CCAA31 /* AppDelegate.swift in Sources */,
			);
			runOnlyForDeploymentPostprocessing = 0;
		};
		F945470D1F3867F300CCAA31 /* Sources */ = {
			isa = PBXSourcesBuildPhase;
			buildActionMask = 2147483647;
			files = (
				F94547161F3867F300CCAA31 /* Rabbit_Web_browserTests.swift in Sources */,
			);
			runOnlyForDeploymentPostprocessing = 0;
		};
		F94547181F3867F300CCAA31 /* Sources */ = {
			isa = PBXSourcesBuildPhase;
			buildActionMask = 2147483647;
			files = (
				F94547211F3867F300CCAA31 /* Rabbit_Web_browserUITests.swift in Sources */,
			);
			runOnlyForDeploymentPostprocessing = 0;
		};
/* End PBXSourcesBuildPhase section */

/* Begin PBXTargetDependency section */
		F94547131F3867F300CCAA31 /* PBXTargetDependency */ = {
			isa = PBXTargetDependency;
			target = F94546FC1F3867F300CCAA31 /* Rabbit_Web_browser */;
			targetProxy = F94547121F3867F300CCAA31 /* PBXContainerItemProxy */;
		};
		F945471E1F3867F300CCAA31 /* PBXTargetDependency */ = {
			isa = PBXTargetDependency;
			target = F94546FC1F3867F300CCAA31 /* Rabbit_Web_browser */;
			targetProxy = F945471D1F3867F300CCAA31 /* PBXContainerItemProxy */;
		};
/* End PBXTargetDependency section */

/* Begin PBXVariantGroup section */
		F94547041F3867F300CCAA31 /* Main.storyboard */ = {
			isa = PBXVariantGroup;
			children = (
				F94547051F3867F300CCAA31 /* Base */,
			);
			name = Main.storyboard;
			sourceTree = "<group>";
		};
		F94547091F3867F300CCAA31 /* LaunchScreen.storyboard */ = {
			isa = PBXVariantGroup;
			children = (
				F945470A1F3867F300CCAA31 /* Base */,
			);
			name = LaunchScreen.storyboard;
			sourceTree = "<group>";
		};
/* End PBXVariantGroup section */

/* Begin XCBuildConfiguration section */
		F94547231F3867F300CCAA31 /* Debug */ = {
			isa = XCBuildConfiguration;
			buildSettings = {
				ALWAYS_SEARCH_USER_PATHS = NO;
				CLANG_ANALYZER_NONNULL = YES;
				CLANG_CXX_LANGUAGE_STANDARD = "gnu++0x";
				CLANG_CXX_LIBRARY = "libc++";
				CLANG_ENABLE_MODULES = YES;
				CLANG_ENABLE_OBJC_ARC = YES;
				CLANG_WARN_BOOL_CONVERSION = YES;
				CLANG_WARN_CONSTANT_CONVERSION = YES;
				CLANG_WARN_DIRECT_OBJC_ISA_USAGE = YES_ERROR;
				CLANG_WARN_DOCUMENTATION_COMMENTS = YES;
				CLANG_WARN_EMPTY_BODY = YES;
				CLANG_WARN_ENUM_CONVERSION = YES;
				CLANG_WARN_INFINITE_RECURSION = YES;
				CLANG_WARN_INT_CONVERSION = YES;
				CLANG_WARN_OBJC_ROOT_CLASS = YES_ERROR;
				CLANG_WARN_SUSPICIOUS_MOVES = YES;
				CLANG_WARN_UNREACHABLE_CODE = YES;
				CLANG_WARN__DUPLICATE_METHOD_MATCH = YES;
				"CODE_SIGN_IDENTITY[sdk=iphoneos*]" = "iPhone Developer";
				COPY_PHASE_STRIP = NO;
				DEBUG_INFORMATION_FORMAT = dwarf;
				ENABLE_STRICT_OBJC_MSGSEND = YES;
				ENABLE_TESTABILITY = YES;
				GCC_C_LANGUAGE_STANDARD = gnu99;
				GCC_DYNAMIC_NO_PIC = NO;
				GCC_NO_COMMON_BLOCKS = YES;
				GCC_OPTIMIZATION_LEVEL = 0;
				GCC_PREPROCESSOR_DEFINITIONS = (
					"DEBUG=1",
					"$(inherited)",
				);
				GCC_WARN_64_TO_32_BIT_CONVERSION = YES;
				GCC_WARN_ABOUT_RETURN_TYPE = YES_ERROR;
				GCC_WARN_UNDECLARED_SELECTOR = YES;
				GCC_WARN_UNINITIALIZED_AUTOS = YES_AGGRESSIVE;
				GCC_WARN_UNUSED_FUNCTION = YES;
				GCC_WARN_UNUSED_VARIABLE = YES;
				IPHONEOS_DEPLOYMENT_TARGET = 10.1;
				MTL_ENABLE_DEBUG_INFO = YES;
				ONLY_ACTIVE_ARCH = YES;
				SDKROOT = iphoneos;
				SWIFT_ACTIVE_COMPILATION_CONDITIONS = DEBUG;
				SWIFT_OPTIMIZATION_LEVEL = "-Onone";
			};
			name = Debug;
		};
		F94547241F3867F300CCAA31 /* Release */ = {
			isa = XCBuildConfiguration;
			buildSettings = {
				ALWAYS_SEARCH_USER_PATHS = NO;
				CLANG_ANALYZER_NONNULL = YES;
				CLANG_CXX_LANGUAGE_STANDARD = "gnu++0x";
				CLANG_CXX_LIBRARY = "libc++";
				CLANG_ENABLE_MODULES = YES;
				CLANG_ENABLE_OBJC_ARC = YES;
				CLANG_WARN_BOOL_CONVERSION = YES;
				CLANG_WARN_CONSTANT_CONVERSION = YES;
				CLANG_WARN_DIRECT_OBJC_ISA_USAGE = YES_ERROR;
				CLANG_WARN_DOCUMENTATION_COMMENTS = YES;
				CLANG_WARN_EMPTY_BODY = YES;
				CLANG_WARN_ENUM_CONVERSION = YES;
				CLANG_WARN_INFINITE_RECURSION = YES;
				CLANG_WARN_INT_CONVERSION = YES;
				CLANG_WARN_OBJC_ROOT_CLASS = YES_ERROR;
				CLANG_WARN_SUSPICIOUS_MOVES = YES;
				CLANG_WARN_UNREACHABLE_CODE = YES;
				CLANG_WARN__DUPLICATE_METHOD_MATCH = YES;
				"CODE_SIGN_IDENTITY[sdk=iphoneos*]" = "iPhone Developer";
				COPY_PHASE_STRIP = NO;
				DEBUG_INFORMATION_FORMAT = "dwarf-with-dsym";
				ENABLE_NS_ASSERTIONS = NO;
				ENABLE_STRICT_OBJC_MSGSEND = YES;
				GCC_C_LANGUAGE_STANDARD = gnu99;
				GCC_NO_COMMON_BLOCKS = YES;
				GCC_WARN_64_TO_32_BIT_CONVERSION = YES;
				GCC_WARN_ABOUT_RETURN_TYPE = YES_ERROR;
				GCC_WARN_UNDECLARED_SELECTOR = YES;
				GCC_WARN_UNINITIALIZED_AUTOS = YES_AGGRESSIVE;
				GCC_WARN_UNUSED_FUNCTION = YES;
				GCC_WARN_UNUSED_VARIABLE = YES;
				IPHONEOS_DEPLOYMENT_TARGET = 10.1;
				MTL_ENABLE_DEBUG_INFO = NO;
				SDKROOT = iphoneos;
				SWIFT_OPTIMIZATION_LEVEL = "-Owholemodule";
				VALIDATE_PRODUCT = YES;
			};
			name = Release;
		};
		F94547261F3867F300CCAA31 /* Debug */ = {
			isa = XCBuildConfiguration;
			buildSettings = {
				ASSETCATALOG_COMPILER_APPICON_NAME = AppIcon;
				DEVELOPMENT_TEAM = E5W79BQGW2;
				INFOPLIST_FILE = Rabbit_Web_browser/Info.plist;
				LD_RUNPATH_SEARCH_PATHS = "$(inherited) @executable_path/Frameworks";
				PRODUCT_BUNDLE_IDENTIFIER = "ahm-codes.Rabbit-Web-browser";
				PRODUCT_NAME = "$(TARGET_NAME)";
				SWIFT_VERSION = 3.0;
			};
			name = Debug;
		};
		F94547271F3867F300CCAA31 /* Release */ = {
			isa = XCBuildConfiguration;
			buildSettings = {
				ASSETCATALOG_COMPILER_APPICON_NAME = AppIcon;
				DEVELOPMENT_TEAM = E5W79BQGW2;
				INFOPLIST_FILE = Rabbit_Web_browser/Info.plist;
				LD_RUNPATH_SEARCH_PATHS = "$(inherited) @executable_path/Frameworks";
				PRODUCT_BUNDLE_IDENTIFIER = "ahm-codes.Rabbit-Web-browser";
				PRODUCT_NAME = "$(TARGET_NAME)";
				SWIFT_VERSION = 3.0;
			};
			name = Release;
		};
		F94547291F3867F300CCAA31 /* Debug */ = {
			isa = XCBuildConfiguration;
			buildSettings = {
				ALWAYS_EMBED_SWIFT_STANDARD_LIBRARIES = YES;
				BUNDLE_LOADER = "$(TEST_HOST)";
				DEVELOPMENT_TEAM = E5W79BQGW2;
				INFOPLIST_FILE = Rabbit_Web_browserTests/Info.plist;
				LD_RUNPATH_SEARCH_PATHS = "$(inherited) @executable_path/Frameworks @loader_path/Frameworks";
				PRODUCT_BUNDLE_IDENTIFIER = "ahm-codes.Rabbit-Web-browserTests";
				PRODUCT_NAME = "$(TARGET_NAME)";
				SWIFT_VERSION = 3.0;
				TEST_HOST = "$(BUILT_PRODUCTS_DIR)/Rabbit_Web_browser.app/Rabbit_Web_browser";
			};
			name = Debug;
		};
		F945472A1F3867F300CCAA31 /* Release */ = {
			isa = XCBuildConfiguration;
			buildSettings = {
				ALWAYS_EMBED_SWIFT_STANDARD_LIBRARIES = YES;
				BUNDLE_LOADER = "$(TEST_HOST)";
				DEVELOPMENT_TEAM = E5W79BQGW2;
				INFOPLIST_FILE = Rabbit_Web_browserTests/Info.plist;
				LD_RUNPATH_SEARCH_PATHS = "$(inherited) @executable_path/Frameworks @loader_path/Frameworks";
				PRODUCT_BUNDLE_IDENTIFIER = "ahm-codes.Rabbit-Web-browserTests";
				PRODUCT_NAME = "$(TARGET_NAME)";
				SWIFT_VERSION = 3.0;
				TEST_HOST = "$(BUILT_PRODUCTS_DIR)/Rabbit_Web_browser.app/Rabbit_Web_browser";
			};
			name = Release;
		};
		F945472C1F3867F300CCAA31 /* Debug */ = {
			isa = XCBuildConfiguration;
			buildSettings = {
				ALWAYS_EMBED_SWIFT_STANDARD_LIBRARIES = YES;
				DEVELOPMENT_TEAM = E5W79BQGW2;
				INFOPLIST_FILE = Rabbit_Web_browserUITests/Info.plist;
				LD_RUNPATH_SEARCH_PATHS = "$(inherited) @executable_path/Frameworks @loader_path/Frameworks";
				PRODUCT_BUNDLE_IDENTIFIER = "ahm-codes.Rabbit-Web-browserUITests";
				PRODUCT_NAME = "$(TARGET_NAME)";
				SWIFT_VERSION = 3.0;
				TEST_TARGET_NAME = Rabbit_Web_browser;
			};
			name = Debug;
		};
		F945472D1F3867F300CCAA31 /* Release */ = {
			isa = XCBuildConfiguration;
			buildSettings = {
				ALWAYS_EMBED_SWIFT_STANDARD_LIBRARIES = YES;
				DEVELOPMENT_TEAM = E5W79BQGW2;
				INFOPLIST_FILE = Rabbit_Web_browserUITests/Info.plist;
				LD_RUNPATH_SEARCH_PATHS = "$(inherited) @executable_path/Frameworks @loader_path/Frameworks";
				PRODUCT_BUNDLE_IDENTIFIER = "ahm-codes.Rabbit-Web-browserUITests";
				PRODUCT_NAME = "$(TARGET_NAME)";
				SWIFT_VERSION = 3.0;
				TEST_TARGET_NAME = Rabbit_Web_browser;
			};
			name = Release;
		};
/* End XCBuildConfiguration section */

/* Begin XCConfigurationList section */
		F94546F81F3867F300CCAA31 /* Build configuration list for PBXProject "Rabbit_Web_browser" */ = {
			isa = XCConfigurationList;
			buildConfigurations = (
				F94547231F3867F300CCAA31 /* Debug */,
				F94547241F3867F300CCAA31 /* Release */,
			);
			defaultConfigurationIsVisible = 0;
			defaultConfigurationName = Release;
		};
		F94547251F3867F300CCAA31 /* Build configuration list for PBXNativeTarget "Rabbit_Web_browser" */ = {
			isa = XCConfigurationList;
			buildConfigurations = (
				F94547261F3867F300CCAA31 /* Debug */,
				F94547271F3867F300CCAA31 /* Release */,
			);
			defaultConfigurationIsVisible = 0;
		};
		F94547281F3867F300CCAA31 /* Build configuration list for PBXNativeTarget "Rabbit_Web_browserTests" */ = {
			isa = XCConfigurationList;
			buildConfigurations = (
				F94547291F3867F300CCAA31 /* Debug */,
				F945472A1F3867F300CCAA31 /* Release */,
			);
			defaultConfigurationIsVisible = 0;
		};
		F945472B1F3867F300CCAA31 /* Build configuration list for PBXNativeTarget "Rabbit_Web_browserUITests" */ = {
			isa = XCConfigurationList;
			buildConfigurations = (
				F945472C1F3867F300CCAA31 /* Debug */,
				F945472D1F3867F300CCAA31 /* Release */,
			);
			defaultConfigurationIsVisible = 0;
		};
/* End XCConfigurationList section */
	};
	rootObject = F94546F51F3867F300CCAA31 /* Project object */;
}
